
Microsoft Visual Studio Solution File, Format Version 12.00
# Visual Studio 15
VisualStudioVersion = 15.0.28307.960
MinimumVisualStudioVersion = 10.0.40219.1
Project("{FAE04EC0-301F-11D3-BF4B-00C04F79EFBC}") = "Aplikacja_X.Android", "Aplikacja_X\Aplikacja_X.Android\Aplikacja_X.Android.csproj", "{310365E6-9674-49D5-B366-222C8FF24A31}"
EndProject
Project("{FAE04EC0-301F-11D3-BF4B-00C04F79EFBC}") = "Aplikacja_X.iOS", "Aplikacja_X\Aplikacja_X.iOS\Aplikacja_X.iOS.csproj", "{1AF4F551-6D0B-4582-8B4B-FC9B81749A5A}"
EndProject
Project("{FAE04EC0-301F-11D3-BF4B-00C04F79EFBC}") = "Aplikacja_X.UWP", "Aplikacja_X\Aplikacja_X.UWP\Aplikacja_X.UWP.csproj", "{B5F9F5B4-3D30-4428-84D6-013BDDCF6C09}"
EndProject
Project("{FAE04EC0-301F-11D3-BF4B-00C04F79EFBC}") = "Aplikacja_X", "Aplikacja_X\Aplikacja_X\Aplikacja_X.csproj", "{7BFB3720-3687-4319-BD20-8B5647D4A879}"
EndProject
Global
	GlobalSection(SolutionConfigurationPlatforms) = preSolution
		Ad-Hoc|Any CPU = Ad-Hoc|Any CPU
		Ad-Hoc|ARM = Ad-Hoc|ARM
		Ad-Hoc|iPhone = Ad-Hoc|iPhone
		Ad-Hoc|iPhoneSimulator = Ad-Hoc|iPhoneSimulator
		Ad-Hoc|x64 = Ad-Hoc|x64
		Ad-Hoc|x86 = Ad-Hoc|x86
		AppStore|Any CPU = AppStore|Any CPU
		AppStore|ARM = AppStore|ARM
		AppStore|iPhone = AppStore|iPhone
		AppStore|iPhoneSimulator = AppStore|iPhoneSimulator
		AppStore|x64 = AppStore|x64
		AppStore|x86 = AppStore|x86
		Debug|Any CPU = Debug|Any CPU
		Debug|ARM = Debug|ARM
		Debug|iPhone = Debug|iPhone
		Debug|iPhoneSimulator = Debug|iPhoneSimulator
		Debug|x64 = Debug|x64
		Debug|x86 = Debug|x86
		Release|Any CPU = Release|Any CPU
		Release|ARM = Release|ARM
		Release|iPhone = Release|iPhone
		Release|iPhoneSimulator = Release|iPhoneSimulator
		Release|x64 = Release|x64
		Release|x86 = Release|x86
	EndGlobalSection
	GlobalSection(ProjectConfigurationPlatforms) = postSolution
		{310365E6-9674-49D5-B366-222C8FF24A31}.Ad-Hoc|Any CPU.ActiveCfg = Release|Any CPU
		{310365E6-9674-49D5-B366-222C8FF24A31}.Ad-Hoc|Any CPU.Build.0 = Release|Any CPU
		{310365E6-9674-49D5-B366-222C8FF24A31}.Ad-Hoc|Any CPU.Deploy.0 = Release|Any CPU
		{310365E6-9674-49D5-B366-222C8FF24A31}.Ad-Hoc|ARM.ActiveCfg = Release|Any CPU
		{310365E6-9674-49D5-B366-222C8FF24A31}.Ad-Hoc|ARM.Build.0 = Release|Any CPU
		{310365E6-9674-49D5-B366-222C8FF24A31}.Ad-Hoc|ARM.Deploy.0 = Release|Any CPU
		{310365E6-9674-49D5-B366-222C8FF24A31}.Ad-Hoc|iPhone.ActiveCfg = Release|Any CPU
		{310365E6-9674-49D5-B366-222C8FF24A31}.Ad-Hoc|iPhone.Build.0 = Release|Any CPU
		{310365E6-9674-49D5-B366-222C8FF24A31}.Ad-Hoc|iPhone.Deploy.0 = Release|Any CPU
		{310365E6-9674-49D5-B366-222C8FF24A31}.Ad-Hoc|iPhoneSimulator.ActiveCfg = Release|Any CPU
		{310365E6-9674-49D5-B366-222C8FF24A31}.Ad-Hoc|iPhoneSimulator.Build.0 = Release|Any CPU
		{310365E6-9674-49D5-B366-222C8FF24A31}.Ad-Hoc|iPhoneSimulator.Deploy.0 = Release|Any CPU
		{310365E6-9674-49D5-B366-222C8FF24A31}.Ad-Hoc|x64.ActiveCfg = Release|Any CPU
		{310365E6-9674-49D5-B366-222C8FF24A31}.Ad-Hoc|x64.Build.0 = Release|Any CPU
		{310365E6-9674-49D5-B366-222C8FF24A31}.Ad-Hoc|x64.Deploy.0 = Release|Any CPU
		{310365E6-9674-49D5-B366-222C8FF24A31}.Ad-Hoc|x86.ActiveCfg = Release|Any CPU
		{310365E6-9674-49D5-B366-222C8FF24A31}.Ad-Hoc|x86.Build.0 = Release|Any CPU
		{310365E6-9674-49D5-B366-222C8FF24A31}.Ad-Hoc|x86.Deploy.0 = Release|Any CPU
		{310365E6-9674-49D5-B366-222C8FF24A31}.AppStore|Any CPU.ActiveCfg = Release|Any CPU
		{310365E6-9674-49D5-B366-222C8FF24A31}.AppStore|Any CPU.Build.0 = Release|Any CPU
		{310365E6-9674-49D5-B366-222C8FF24A31}.AppStore|Any CPU.Deploy.0 = Release|Any CPU
		{310365E6-9674-49D5-B366-222C8FF24A31}.AppStore|ARM.ActiveCfg = Release|Any CPU
		{310365E6-9674-49D5-B366-222C8FF24A31}.AppStore|ARM.Build.0 = Release|Any CPU
		{310365E6-9674-49D5-B366-222C8FF24A31}.AppStore|ARM.Deploy.0 = Release|Any CPU
		{310365E6-9674-49D5-B366-222C8FF24A31}.AppStore|iPhone.ActiveCfg = Release|Any CPU
		{310365E6-9674-49D5-B366-222C8FF24A31}.AppStore|iPhone.Build.0 = Release|Any CPU
		{310365E6-9674-49D5-B366-222C8FF24A31}.AppStore|iPhone.Deploy.0 = Release|Any CPU
		{310365E6-9674-49D5-B366-222C8FF24A31}.AppStore|iPhoneSimulator.ActiveCfg = Release|Any CPU
		{310365E6-9674-49D5-B366-222C8FF24A31}.AppStore|iPhoneSimulator.Build.0 = Release|Any CPU
		{310365E6-9674-49D5-B366-222C8FF24A31}.AppStore|iPhoneSimulator.Deploy.0 = Release|Any CPU
		{310365E6-9674-49D5-B366-222C8FF24A31}.AppStore|x64.ActiveCfg = Release|Any CPU
		{310365E6-9674-49D5-B366-222C8FF24A31}.AppStore|x64.Build.0 = Release|Any CPU
		{310365E6-9674-49D5-B366-222C8FF24A31}.AppStore|x64.Deploy.0 = Release|Any CPU
		{310365E6-9674-49D5-B366-222C8FF24A31}.AppStore|x86.ActiveCfg = Release|Any CPU
		{310365E6-9674-49D5-B366-222C8FF24A31}.AppStore|x86.Build.0 = Release|Any CPU
		{310365E6-9674-49D5-B366-222C8FF24A31}.AppStore|x86.Deploy.0 = Release|Any CPU
		{310365E6-9674-49D5-B366-222C8FF24A31}.Debug|Any CPU.ActiveCfg = Debug|Any CPU
		{310365E6-9674-49D5-B366-222C8FF24A31}.Debug|Any CPU.Build.0 = Debug|Any CPU
		{310365E6-9674-49D5-B366-222C8FF24A31}.Debug|Any CPU.Deploy.0 = Debug|Any CPU
		{310365E6-9674-49D5-B366-222C8FF24A31}.Debug|ARM.ActiveCfg = Debug|Any CPU
		{310365E6-9674-49D5-B366-222C8FF24A31}.Debug|ARM.Build.0 = Debug|Any CPU
		{310365E6-9674-49D5-B366-222C8FF24A31}.Debug|ARM.Deploy.0 = Debug|Any CPU
		{310365E6-9674-49D5-B366-222C8FF24A31}.Debug|iPhone.ActiveCfg = Debug|Any CPU
		{310365E6-9674-49D5-B366-222C8FF24A31}.Debug|iPhone.Build.0 = Debug|Any CPU
		{310365E6-9674-49D5-B366-222C8FF24A31}.Debug|iPhone.Deploy.0 = Debug|Any CPU
		{310365E6-9674-49D5-B366-222C8FF24A31}.Debug|iPhoneSimulator.ActiveCfg = Debug|Any CPU
		{310365E6-9674-49D5-B366-222C8FF24A31}.Debug|iPhoneSimulator.Build.0 = Debug|Any CPU
		{310365E6-9674-49D5-B366-222C8FF24A31}.Debug|iPhoneSimulator.Deploy.0 = Debug|Any CPU
		{310365E6-9674-49D5-B366-222C8FF24A31}.Debug|x64.ActiveCfg = Debug|Any CPU
		{310365E6-9674-49D5-B366-222C8FF24A31}.Debug|x64.Build.0 = Debug|Any CPU
		{310365E6-9674-49D5-B366-222C8FF24A31}.Debug|x64.Deploy.0 = Debug|Any CPU
		{310365E6-9674-49D5-B366-222C8FF24A31}.Debug|x86.ActiveCfg = Debug|Any CPU
		{310365E6-9674-49D5-B366-222C8FF24A31}.Debug|x86.Build.0 = Debug|Any CPU
		{310365E6-9674-49D5-B366-222C8FF24A31}.Debug|x86.Deploy.0 = Debug|Any CPU
		{310365E6-9674-49D5-B366-222C8FF24A31}.Release|Any CPU.ActiveCfg = Release|Any CPU
		{310365E6-9674-49D5-B366-222C8FF24A31}.Release|Any CPU.Build.0 = Release|Any CPU
		{310365E6-9674-49D5-B366-222C8FF24A31}.Release|Any CPU.Deploy.0 = Release|Any CPU
		{310365E6-9674-49D5-B366-222C8FF24A31}.Release|ARM.ActiveCfg = Release|Any CPU
		{310365E6-9674-49D5-B366-222C8FF24A31}.Release|ARM.Build.0 = Release|Any CPU
		{310365E6-9674-49D5-B366-222C8FF24A31}.Release|ARM.Deploy.0 = Release|Any CPU
		{310365E6-9674-49D5-B366-222C8FF24A31}.Release|iPhone.ActiveCfg = Release|Any CPU
		{310365E6-9674-49D5-B366-222C8FF24A31}.Release|iPhone.Build.0 = Release|Any CPU
		{310365E6-9674-49D5-B366-222C8FF24A31}.Release|iPhone.Deploy.0 = Release|Any CPU
		{310365E6-9674-49D5-B366-222C8FF24A31}.Release|iPhoneSimulator.ActiveCfg = Release|Any CPU
		{310365E6-9674-49D5-B366-222C8FF24A31}.Release|iPhoneSimulator.Build.0 = Release|Any CPU
		{310365E6-9674-49D5-B366-222C8FF24A31}.Release|iPhoneSimulator.Deploy.0 = Release|Any CPU
		{310365E6-9674-49D5-B366-222C8FF24A31}.Release|x64.ActiveCfg = Release|Any CPU
		{310365E6-9674-49D5-B366-222C8FF24A31}.Release|x64.Build.0 = Release|Any CPU
		{310365E6-9674-49D5-B366-222C8FF24A31}.Release|x64.Deploy.0 = Release|Any CPU
		{310365E6-9674-49D5-B366-222C8FF24A31}.Release|x86.ActiveCfg = Release|Any CPU
		{310365E6-9674-49D5-B366-222C8FF24A31}.Release|x86.Build.0 = Release|Any CPU
		{310365E6-9674-49D5-B366-222C8FF24A31}.Release|x86.Deploy.0 = Release|Any CPU
		{1AF4F551-6D0B-4582-8B4B-FC9B81749A5A}.Ad-Hoc|Any CPU.ActiveCfg = Ad-Hoc|iPhone
		{1AF4F551-6D0B-4582-8B4B-FC9B81749A5A}.Ad-Hoc|Any CPU.Build.0 = Ad-Hoc|iPhone
		{1AF4F551-6D0B-4582-8B4B-FC9B81749A5A}.Ad-Hoc|Any CPU.Deploy.0 = Ad-Hoc|iPhone
		{1AF4F551-6D0B-4582-8B4B-FC9B81749A5A}.Ad-Hoc|ARM.ActiveCfg = Ad-Hoc|iPhone
		{1AF4F551-6D0B-4582-8B4B-FC9B81749A5A}.Ad-Hoc|ARM.Build.0 = Ad-Hoc|iPhone
		{1AF4F551-6D0B-4582-8B4B-FC9B81749A5A}.Ad-Hoc|ARM.Deploy.0 = Ad-Hoc|iPhone
		{1AF4F551-6D0B-4582-8B4B-FC9B81749A5A}.Ad-Hoc|iPhone.ActiveCfg = Ad-Hoc|iPhone
		{1AF4F551-6D0B-4582-8B4B-FC9B81749A5A}.Ad-Hoc|iPhone.Build.0 = Ad-Hoc|iPhone
		{1AF4F551-6D0B-4582-8B4B-FC9B81749A5A}.Ad-Hoc|iPhone.Deploy.0 = Ad-Hoc|iPhone
		{1AF4F551-6D0B-4582-8B4B-FC9B81749A5A}.Ad-Hoc|iPhoneSimulator.ActiveCfg = Ad-Hoc|iPhoneSimulator
		{1AF4F551-6D0B-4582-8B4B-FC9B81749A5A}.Ad-Hoc|iPhoneSimulator.Build.0 = Ad-Hoc|iPhoneSimulator
		{1AF4F551-6D0B-4582-8B4B-FC9B81749A5A}.Ad-Hoc|iPhoneSimulator.Deploy.0 = Ad-Hoc|iPhoneSimulator
		{1AF4F551-6D0B-4582-8B4B-FC9B81749A5A}.Ad-Hoc|x64.ActiveCfg = Ad-Hoc|iPhone
		{1AF4F551-6D0B-4582-8B4B-FC9B81749A5A}.Ad-Hoc|x64.Build.0 = Ad-Hoc|iPhone
		{1AF4F551-6D0B-4582-8B4B-FC9B81749A5A}.Ad-Hoc|x64.Deploy.0 = Ad-Hoc|iPhone
		{1AF4F551-6D0B-4582-8B4B-FC9B81749A5A}.Ad-Hoc|x86.ActiveCfg = Ad-Hoc|iPhone
		{1AF4F551-6D0B-4582-8B4B-FC9B81749A5A}.Ad-Hoc|x86.Build.0 = Ad-Hoc|iPhone
		{1AF4F551-6D0B-4582-8B4B-FC9B81749A5A}.Ad-Hoc|x86.Deploy.0 = Ad-Hoc|iPhone
		{1AF4F551-6D0B-4582-8B4B-FC9B81749A5A}.AppStore|Any CPU.ActiveCfg = AppStore|iPhone
		{1AF4F551-6D0B-4582-8B4B-FC9B81749A5A}.AppStore|Any CPU.Build.0 = AppStore|iPhone
		{1AF4F551-6D0B-4582-8B4B-FC9B81749A5A}.AppStore|Any CPU.Deploy.0 = AppStore|iPhone
		{1AF4F551-6D0B-4582-8B4B-FC9B81749A5A}.AppStore|ARM.ActiveCfg = AppStore|iPhone
		{1AF4F551-6D0B-4582-8B4B-FC9B81749A5A}.AppStore|ARM.Build.0 = AppStore|iPhone
		{1AF4F551-6D0B-4582-8B4B-FC9B81749A5A}.AppStore|ARM.Deploy.0 = AppStore|iPhone
		{1AF4F551-6D0B-4582-8B4B-FC9B81749A5A}.AppStore|iPhone.ActiveCfg = AppStore|iPhone
		{1AF4F551-6D0B-4582-8B4B-FC9B81749A5A}.AppStore|iPhone.Build.0 = AppStore|iPhone
		{1AF4F551-6D0B-4582-8B4B-FC9B81749A5A}.AppStore|iPhone.Deploy.0 = AppStore|iPhone
		{1AF4F551-6D0B-4582-8B4B-FC9B81749A5A}.AppStore|iPhoneSimulator.ActiveCfg = AppStore|iPhoneSimulator
		{1AF4F551-6D0B-4582-8B4B-FC9B81749A5A}.AppStore|iPhoneSimulator.Build.0 = AppStore|iPhoneSimulator
		{1AF4F551-6D0B-4582-8B4B-FC9B81749A5A}.AppStore|iPhoneSimulator.Deploy.0 = AppStore|iPhoneSimulator
		{1AF4F551-6D0B-4582-8B4B-FC9B81749A5A}.AppStore|x64.ActiveCfg = AppStore|iPhone
		{1AF4F551-6D0B-4582-8B4B-FC9B81749A5A}.AppStore|x64.Build.0 = AppStore|iPhone
		{1AF4F551-6D0B-4582-8B4B-FC9B81749A5A}.AppStore|x64.Deploy.0 = AppStore|iPhone
		{1AF4F551-6D0B-4582-8B4B-FC9B81749A5A}.AppStore|x86.ActiveCfg = AppStore|iPhone
		{1AF4F551-6D0B-4582-8B4B-FC9B81749A5A}.AppStore|x86.Build.0 = AppStore|iPhone
		{1AF4F551-6D0B-4582-8B4B-FC9B81749A5A}.AppStore|x86.Deploy.0 = AppStore|iPhone
		{1AF4F551-6D0B-4582-8B4B-FC9B81749A5A}.Debug|Any CPU.ActiveCfg = Debug|iPhoneSimulator
		{1AF4F551-6D0B-4582-8B4B-FC9B81749A5A}.Debug|Any CPU.Build.0 = Debug|iPhoneSimulator
		{1AF4F551-6D0B-4582-8B4B-FC9B81749A5A}.Debug|Any CPU.Deploy.0 = Debug|iPhoneSimulator
		{1AF4F551-6D0B-4582-8B4B-FC9B81749A5A}.Debug|ARM.ActiveCfg = Debug|iPhone
		{1AF4F551-6D0B-4582-8B4B-FC9B81749A5A}.Debug|ARM.Build.0 = Debug|iPhone
		{1AF4F551-6D0B-4582-8B4B-FC9B81749A5A}.Debug|ARM.Deploy.0 = Debug|iPhone
		{1AF4F551-6D0B-4582-8B4B-FC9B81749A5A}.Debug|iPhone.ActiveCfg = Debug|iPhone
		{1AF4F551-6D0B-4582-8B4B-FC9B81749A5A}.Debug|iPhone.Build.0 = Debug|iPhone
		{1AF4F551-6D0B-4582-8B4B-FC9B81749A5A}.Debug|iPhone.Deploy.0 = Debug|iPhone
		{1AF4F551-6D0B-4582-8B4B-FC9B81749A5A}.Debug|iPhoneSimulator.ActiveCfg = Debug|iPhoneSimulator
		{1AF4F551-6D0B-4582-8B4B-FC9B81749A5A}.Debug|iPhoneSimulator.Build.0 = Debug|iPhoneSimulator
		{1AF4F551-6D0B-4582-8B4B-FC9B81749A5A}.Debug|iPhoneSimulator.Deploy.0 = Debug|iPhoneSimulator
		{1AF4F551-6D0B-4582-8B4B-FC9B81749A5A}.Debug|x64.ActiveCfg = Debug|iPhone
		{1AF4F551-6D0B-4582-8B4B-FC9B81749A5A}.Debug|x64.Build.0 = Debug|iPhone
		{1AF4F551-6D0B-4582-8B4B-FC9B81749A5A}.Debug|x64.Deploy.0 = Debug|iPhone
		{1AF4F551-6D0B-4582-8B4B-FC9B81749A5A}.Debug|x86.ActiveCfg = Debug|iPhone
		{1AF4F551-6D0B-4582-8B4B-FC9B81749A5A}.Debug|x86.Build.0 = Debug|iPhone
		{1AF4F551-6D0B-4582-8B4B-FC9B81749A5A}.Debug|x86.Deploy.0 = Debug|iPhone
		{1AF4F551-6D0B-4582-8B4B-FC9B81749A5A}.Release|Any CPU.ActiveCfg = Release|iPhone
		{1AF4F551-6D0B-4582-8B4B-FC9B81749A5A}.Release|Any CPU.Build.0 = Release|iPhone
		{1AF4F551-6D0B-4582-8B4B-FC9B81749A5A}.Release|Any CPU.Deploy.0 = Release|iPhone
		{1AF4F551-6D0B-4582-8B4B-FC9B81749A5A}.Release|ARM.ActiveCfg = Release|iPhone
		{1AF4F551-6D0B-4582-8B4B-FC9B81749A5A}.Release|ARM.Build.0 = Release|iPhone
		{1AF4F551-6D0B-4582-8B4B-FC9B81749A5A}.Release|ARM.Deploy.0 = Release|iPhone
		{1AF4F551-6D0B-4582-8B4B-FC9B81749A5A}.Release|iPhone.ActiveCfg = Release|iPhone
		{1AF4F551-6D0B-4582-8B4B-FC9B81749A5A}.Release|iPhone.Build.0 = Release|iPhone
		{1AF4F551-6D0B-4582-8B4B-FC9B81749A5A}.Release|iPhone.Deploy.0 = Release|iPhone
		{1AF4F551-6D0B-4582-8B4B-FC9B81749A5A}.Release|iPhoneSimulator.ActiveCfg = Release|iPhoneSimulator
		{1AF4F551-6D0B-4582-8B4B-FC9B81749A5A}.Release|iPhoneSimulator.Build.0 = Release|iPhoneSimulator
		{1AF4F551-6D0B-4582-8B4B-FC9B81749A5A}.Release|iPhoneSimulator.Deploy.0 = Release|iPhoneSimulator
		{1AF4F551-6D0B-4582-8B4B-FC9B81749A5A}.Release|x64.ActiveCfg = Release|iPhone
		{1AF4F551-6D0B-4582-8B4B-FC9B81749A5A}.Release|x64.Build.0 = Release|iPhone
		{1AF4F551-6D0B-4582-8B4B-FC9B81749A5A}.Release|x64.Deploy.0 = Release|iPhone
		{1AF4F551-6D0B-4582-8B4B-FC9B81749A5A}.Release|x86.ActiveCfg = Release|iPhone
		{1AF4F551-6D0B-4582-8B4B-FC9B81749A5A}.Release|x86.Build.0 = Release|iPhone
		{1AF4F551-6D0B-4582-8B4B-FC9B81749A5A}.Release|x86.Deploy.0 = Release|iPhone
		{B5F9F5B4-3D30-4428-84D6-013BDDCF6C09}.Ad-Hoc|Any CPU.ActiveCfg = Release|x86
		{B5F9F5B4-3D30-4428-84D6-013BDDCF6C09}.Ad-Hoc|Any CPU.Build.0 = Release|x86
		{B5F9F5B4-3D30-4428-84D6-013BDDCF6C09}.Ad-Hoc|Any CPU.Deploy.0 = Release|x86
		{B5F9F5B4-3D30-4428-84D6-013BDDCF6C09}.Ad-Hoc|ARM.ActiveCfg = Release|ARM
		{B5F9F5B4-3D30-4428-84D6-013BDDCF6C09}.Ad-Hoc|ARM.Build.0 = Release|ARM
		{B5F9F5B4-3D30-4428-84D6-013BDDCF6C09}.Ad-Hoc|ARM.Deploy.0 = Release|ARM
		{B5F9F5B4-3D30-4428-84D6-013BDDCF6C09}.Ad-Hoc|iPhone.ActiveCfg = Release|x86
		{B5F9F5B4-3D30-4428-84D6-013BDDCF6C09}.Ad-Hoc|iPhone.Build.0 = Release|x86
		{B5F9F5B4-3D30-4428-84D6-013BDDCF6C09}.Ad-Hoc|iPhone.Deploy.0 = Release|x86
		{B5F9F5B4-3D30-4428-84D6-013BDDCF6C09}.Ad-Hoc|iPhoneSimulator.ActiveCfg = Release|x86
		{B5F9F5B4-3D30-4428-84D6-013BDDCF6C09}.Ad-Hoc|iPhoneSimulator.Build.0 = Release|x86
		{B5F9F5B4-3D30-4428-84D6-013BDDCF6C09}.Ad-Hoc|iPhoneSimulator.Deploy.0 = Release|x86
		{B5F9F5B4-3D30-4428-84D6-013BDDCF6C09}.Ad-Hoc|x64.ActiveCfg = Release|x64
		{B5F9F5B4-3D30-4428-84D6-013BDDCF6C09}.Ad-Hoc|x64.Build.0 = Release|x64
		{B5F9F5B4-3D30-4428-84D6-013BDDCF6C09}.Ad-Hoc|x64.Deploy.0 = Release|x64
		{B5F9F5B4-3D30-4428-84D6-013BDDCF6C09}.Ad-Hoc|x86.ActiveCfg = Release|x86
		{B5F9F5B4-3D30-4428-84D6-013BDDCF6C09}.Ad-Hoc|x86.Build.0 = Release|x86
		{B5F9F5B4-3D30-4428-84D6-013BDDCF6C09}.Ad-Hoc|x86.Deploy.0 = Release|x86
		{B5F9F5B4-3D30-4428-84D6-013BDDCF6C09}.AppStore|Any CPU.ActiveCfg = Release|x86
		{B5F9F5B4-3D30-4428-84D6-013BDDCF6C09}.AppStore|Any CPU.Build.0 = Release|x86
		{B5F9F5B4-3D30-4428-84D6-013BDDCF6C09}.AppStore|Any CPU.Deploy.0 = Release|x86
		{B5F9F5B4-3D30-4428-84D6-013BDDCF6C09}.AppStore|ARM.ActiveCfg = Release|ARM
		{B5F9F5B4-3D30-4428-84D6-013BDDCF6C09}.AppStore|ARM.Build.0 = Release|ARM
		{B5F9F5B4-3D30-4428-84D6-013BDDCF6C09}.AppStore|ARM.Deploy.0 = Release|ARM
		{B5F9F5B4-3D30-4428-84D6-013BDDCF6C09}.AppStore|iPhone.ActiveCfg = Release|x86
		{B5F9F5B4-3D30-4428-84D6-013BDDCF6C09}.AppStore|iPhone.Build.0 = Release|x86
		{B5F9F5B4-3D30-4428-84D6-013BDDCF6C09}.AppStore|iPhone.Deploy.0 = Release|x86
		{B5F9F5B4-3D30-4428-84D6-013BDDCF6C09}.AppStore|iPhoneSimulator.ActiveCfg = Release|x86
		{B5F9F5B4-3D30-4428-84D6-013BDDCF6C09}.AppStore|iPhoneSimulator.Build.0 = Release|x86
		{B5F9F5B4-3D30-4428-84D6-013BDDCF6C09}.AppStore|iPhoneSimulator.Deploy.0 = Release|x86
		{B5F9F5B4-3D30-4428-84D6-013BDDCF6C09}.AppStore|x64.ActiveCfg = Release|x64
		{B5F9F5B4-3D30-4428-84D6-013BDDCF6C09}.AppStore|x64.Build.0 = Release|x64
		{B5F9F5B4-3D30-4428-84D6-013BDDCF6C09}.AppStore|x64.Deploy.0 = Release|x64
		{B5F9F5B4-3D30-4428-84D6-013BDDCF6C09}.AppStore|x86.ActiveCfg = Release|x86
		{B5F9F5B4-3D30-4428-84D6-013BDDCF6C09}.AppStore|x86.Build.0 = Release|x86
		{B5F9F5B4-3D30-4428-84D6-013BDDCF6C09}.AppStore|x86.Deploy.0 = Release|x86
		{B5F9F5B4-3D30-4428-84D6-013BDDCF6C09}.Debug|Any CPU.ActiveCfg = Debug|x86
		{B5F9F5B4-3D30-4428-84D6-013BDDCF6C09}.Debug|Any CPU.Build.0 = Debug|x86
		{B5F9F5B4-3D30-4428-84D6-013BDDCF6C09}.Debug|Any CPU.Deploy.0 = Debug|x86
		{B5F9F5B4-3D30-4428-84D6-013BDDCF6C09}.Debug|ARM.ActiveCfg = Debug|ARM
		{B5F9F5B4-3D30-4428-84D6-013BDDCF6C09}.Debug|ARM.Build.0 = Debug|ARM
		{B5F9F5B4-3D30-4428-84D6-013BDDCF6C09}.Debug|ARM.Deploy.0 = Debug|ARM
		{B5F9F5B4-3D30-4428-84D6-013BDDCF6C09}.Debug|iPhone.ActiveCfg = Debug|x86
		{B5F9F5B4-3D30-4428-84D6-013BDDCF6C09}.Debug|iPhone.Build.0 = Debug|x86
		{B5F9F5B4-3D30-4428-84D6-013BDDCF6C09}.Debug|iPhone.Deploy.0 = Debug|x86
		{B5F9F5B4-3D30-4428-84D6-013BDDCF6C09}.Debug|iPhoneSimulator.ActiveCfg = Debug|x86
		{B5F9F5B4-3D30-4428-84D6-013BDDCF6C09}.Debug|iPhoneSimulator.Build.0 = Debug|x86
		{B5F9F5B4-3D30-4428-84D6-013BDDCF6C09}.Debug|iPhoneSimulator.Deploy.0 = Debug|x86
		{B5F9F5B4-3D30-4428-84D6-013BDDCF6C09}.Debug|x64.ActiveCfg = Debug|x64
		{B5F9F5B4-3D30-4428-84D6-013BDDCF6C09}.Debug|x64.Build.0 = Debug|x64
		{B5F9F5B4-3D30-4428-84D6-013BDDCF6C09}.Debug|x64.Deploy.0 = Debug|x64
		{B5F9F5B4-3D30-4428-84D6-013BDDCF6C09}.Debug|x86.ActiveCfg = Debug|x86
		{B5F9F5B4-3D30-4428-84D6-013BDDCF6C09}.Debug|x86.Build.0 = Debug|x86
		{B5F9F5B4-3D30-4428-84D6-013BDDCF6C09}.Debug|x86.Deploy.0 = Debug|x86
		{B5F9F5B4-3D30-4428-84D6-013BDDCF6C09}.Release|Any CPU.ActiveCfg = Release|x86
		{B5F9F5B4-3D30-4428-84D6-013BDDCF6C09}.Release|Any CPU.Build.0 = Release|x86
		{B5F9F5B4-3D30-4428-84D6-013BDDCF6C09}.Release|Any CPU.Deploy.0 = Release|x86
		{B5F9F5B4-3D30-4428-84D6-013BDDCF6C09}.Release|ARM.ActiveCfg = Release|ARM
		{B5F9F5B4-3D30-4428-84D6-013BDDCF6C09}.Release|ARM.Build.0 = Release|ARM
		{B5F9F5B4-3D30-4428-84D6-013BDDCF6C09}.Release|ARM.Deploy.0 = Release|ARM
		{B5F9F5B4-3D30-4428-84D6-013BDDCF6C09}.Release|iPhone.ActiveCfg = Release|x86
		{B5F9F5B4-3D30-4428-84D6-013BDDCF6C09}.Release|iPhone.Build.0 = Release|x86
		{B5F9F5B4-3D30-4428-84D6-013BDDCF6C09}.Release|iPhone.Deploy.0 = Release|x86
		{B5F9F5B4-3D30-4428-84D6-013BDDCF6C09}.Release|iPhoneSimulator.ActiveCfg = Release|x86
		{B5F9F5B4-3D30-4428-84D6-013BDDCF6C09}.Release|iPhoneSimulator.Build.0 = Release|x86
		{B5F9F5B4-3D30-4428-84D6-013BDDCF6C09}.Release|iPhoneSimulator.Deploy.0 = Release|x86
		{B5F9F5B4-3D30-4428-84D6-013BDDCF6C09}.Release|x64.ActiveCfg = Release|x64
		{B5F9F5B4-3D30-4428-84D6-013BDDCF6C09}.Release|x64.Build.0 = Release|x64
		{B5F9F5B4-3D30-4428-84D6-013BDDCF6C09}.Release|x64.Deploy.0 = Release|x64
		{B5F9F5B4-3D30-4428-84D6-013BDDCF6C09}.Release|x86.ActiveCfg = Release|x86
		{B5F9F5B4-3D30-4428-84D6-013BDDCF6C09}.Release|x86.Build.0 = Release|x86
		{B5F9F5B4-3D30-4428-84D6-013BDDCF6C09}.Release|x86.Deploy.0 = Release|x86
		{7BFB3720-3687-4319-BD20-8B5647D4A879}.Ad-Hoc|Any CPU.ActiveCfg = Debug|Any CPU
		{7BFB3720-3687-4319-BD20-8B5647D4A879}.Ad-Hoc|Any CPU.Build.0 = Debug|Any CPU
		{7BFB3720-3687-4319-BD20-8B5647D4A879}.Ad-Hoc|Any CPU.Deploy.0 = Debug|Any CPU
		{7BFB3720-3687-4319-BD20-8B5647D4A879}.Ad-Hoc|ARM.ActiveCfg = Debug|Any CPU
		{7BFB3720-3687-4319-BD20-8B5647D4A879}.Ad-Hoc|ARM.Build.0 = Debug|Any CPU
		{7BFB3720-3687-4319-BD20-8B5647D4A879}.Ad-Hoc|ARM.Deploy.0 = Debug|Any CPU
		{7BFB3720-3687-4319-BD20-8B5647D4A879}.Ad-Hoc|iPhone.ActiveCfg = Debug|Any CPU
		{7BFB3720-3687-4319-BD20-8B5647D4A879}.Ad-Hoc|iPhone.Build.0 = Debug|Any CPU
		{7BFB3720-3687-4319-BD20-8B5647D4A879}.Ad-Hoc|iPhone.Deploy.0 = Debug|Any CPU
		{7BFB3720-3687-4319-BD20-8B5647D4A879}.Ad-Hoc|iPhoneSimulator.ActiveCfg = Debug|Any CPU
		{7BFB3720-3687-4319-BD20-8B5647D4A879}.Ad-Hoc|iPhoneSimulator.Build.0 = Debug|Any CPU
		{7BFB3720-3687-4319-BD20-8B5647D4A879}.Ad-Hoc|iPhoneSimulator.Deploy.0 = Debug|Any CPU
		{7BFB3720-3687-4319-BD20-8B5647D4A879}.Ad-Hoc|x64.ActiveCfg = Debug|Any CPU
		{7BFB3720-3687-4319-BD20-8B5647D4A879}.Ad-Hoc|x64.Build.0 = Debug|Any CPU
		{7BFB3720-3687-4319-BD20-8B5647D4A879}.Ad-Hoc|x64.Deploy.0 = Debug|Any CPU
		{7BFB3720-3687-4319-BD20-8B5647D4A879}.Ad-Hoc|x86.ActiveCfg = Debug|Any CPU
		{7BFB3720-3687-4319-BD20-8B5647D4A879}.Ad-Hoc|x86.Build.0 = Debug|Any CPU
		{7BFB3720-3687-4319-BD20-8B5647D4A879}.Ad-Hoc|x86.Deploy.0 = Debug|Any CPU
		{7BFB3720-3687-4319-BD20-8B5647D4A879}.AppStore|Any CPU.ActiveCfg = Debug|Any CPU
		{7BFB3720-3687-4319-BD20-8B5647D4A879}.AppStore|Any CPU.Build.0 = Debug|Any CPU
		{7BFB3720-3687-4319-BD20-8B5647D4A879}.AppStore|Any CPU.Deploy.0 = Debug|Any CPU
		{7BFB3720-3687-4319-BD20-8B5647D4A879}.AppStore|ARM.ActiveCfg = Debug|Any CPU
		{7BFB3720-3687-4319-BD20-8B5647D4A879}.AppStore|ARM.Build.0 = Debug|Any CPU
		{7BFB3720-3687-4319-BD20-8B5647D4A879}.AppStore|ARM.Deploy.0 = Debug|Any CPU
		{7BFB3720-3687-4319-BD20-8B5647D4A879}.AppStore|iPhone.ActiveCfg = Debug|Any CPU
		{7BFB3720-3687-4319-BD20-8B5647D4A879}.AppStore|iPhone.Build.0 = Debug|Any CPU
		{7BFB3720-3687-4319-BD20-8B5647D4A879}.AppStore|iPhone.Deploy.0 = Debug|Any CPU
		{7BFB3720-3687-4319-BD20-8B5647D4A879}.AppStore|iPhoneSimulator.ActiveCfg = Debug|Any CPU
		{7BFB3720-3687-4319-BD20-8B5647D4A879}.AppStore|iPhoneSimulator.Build.0 = Debug|Any CPU
		{7BFB3720-3687-4319-BD20-8B5647D4A879}.AppStore|iPhoneSimulator.Deploy.0 = Debug|Any CPU
		{7BFB3720-3687-4319-BD20-8B5647D4A879}.AppStore|x64.ActiveCfg = Debug|Any CPU
		{7BFB3720-3687-4319-BD20-8B5647D4A879}.AppStore|x64.Build.0 = Debug|Any CPU
		{7BFB3720-3687-4319-BD20-8B5647D4A879}.AppStore|x64.Deploy.0 = Debug|Any CPU
		{7BFB3720-3687-4319-BD20-8B5647D4A879}.AppStore|x86.ActiveCfg = Debug|Any CPU
		{7BFB3720-3687-4319-BD20-8B5647D4A879}.AppStore|x86.Build.0 = Debug|Any CPU
		{7BFB3720-3687-4319-BD20-8B5647D4A879}.AppStore|x86.Deploy.0 = Debug|Any CPU
		{7BFB3720-3687-4319-BD20-8B5647D4A879}.Debug|Any CPU.ActiveCfg = Debug|Any CPU
		{7BFB3720-3687-4319-BD20-8B5647D4A879}.Debug|Any CPU.Build.0 = Debug|Any CPU
		{7BFB3720-3687-4319-BD20-8B5647D4A879}.Debug|Any CPU.Deploy.0 = Debug|Any CPU
		{7BFB3720-3687-4319-BD20-8B5647D4A879}.Debug|ARM.ActiveCfg = Debug|Any CPU
		{7BFB3720-3687-4319-BD20-8B5647D4A879}.Debug|ARM.Build.0 = Debug|Any CPU
		{7BFB3720-3687-4319-BD20-8B5647D4A879}.Debug|ARM.Deploy.0 = Debug|Any CPU
		{7BFB3720-3687-4319-BD20-8B5647D4A879}.Debug|iPhone.ActiveCfg = Debug|Any CPU
		{7BFB3720-3687-4319-BD20-8B5647D4A879}.Debug|iPhone.Build.0 = Debug|Any CPU
		{7BFB3720-3687-4319-BD20-8B5647D4A879}.Debug|iPhone.Deploy.0 = Debug|Any CPU
		{7BFB3720-3687-4319-BD20-8B5647D4A879}.Debug|iPhoneSimulator.ActiveCfg = Debug|Any CPU
		{7BFB3720-3687-4319-BD20-8B5647D4A879}.Debug|iPhoneSimulator.Build.0 = Debug|Any CPU
		{7BFB3720-3687-4319-BD20-8B5647D4A879}.Debug|iPhoneSimulator.Deploy.0 = Debug|Any CPU
		{7BFB3720-3687-4319-BD20-8B5647D4A879}.Debug|x64.ActiveCfg = Debug|Any CPU
		{7BFB3720-3687-4319-BD20-8B5647D4A879}.Debug|x64.Build.0 = Debug|Any CPU
		{7BFB3720-3687-4319-BD20-8B5647D4A879}.Debug|x64.Deploy.0 = Debug|Any CPU
		{7BFB3720-3687-4319-BD20-8B5647D4A879}.Debug|x86.ActiveCfg = Debug|Any CPU
		{7BFB3720-3687-4319-BD20-8B5647D4A879}.Debug|x86.Build.0 = Debug|Any CPU
		{7BFB3720-3687-4319-BD20-8B5647D4A879}.Debug|x86.Deploy.0 = Debug|Any CPU
		{7BFB3720-3687-4319-BD20-8B5647D4A879}.Release|Any CPU.ActiveCfg = Release|Any CPU
		{7BFB3720-3687-4319-BD20-8B5647D4A879}.Release|Any CPU.Build.0 = Release|Any CPU
		{7BFB3720-3687-4319-BD20-8B5647D4A879}.Release|Any CPU.Deploy.0 = Release|Any CPU
		{7BFB3720-3687-4319-BD20-8B5647D4A879}.Release|ARM.ActiveCfg = Release|Any CPU
		{7BFB3720-3687-4319-BD20-8B5647D4A879}.Release|ARM.Build.0 = Release|Any CPU
		{7BFB3720-3687-4319-BD20-8B5647D4A879}.Release|ARM.Deploy.0 = Release|Any CPU
		{7BFB3720-3687-4319-BD20-8B5647D4A879}.Release|iPhone.ActiveCfg = Release|Any CPU
		{7BFB3720-3687-4319-BD20-8B5647D4A879}.Release|iPhone.Build.0 = Release|Any CPU
		{7BFB3720-3687-4319-BD20-8B5647D4A879}.Release|iPhone.Deploy.0 = Release|Any CPU
		{7BFB3720-3687-4319-BD20-8B5647D4A879}.Release|iPhoneSimulator.ActiveCfg = Release|Any CPU
		{7BFB3720-3687-4319-BD20-8B5647D4A879}.Release|iPhoneSimulator.Build.0 = Release|Any CPU
		{7BFB3720-3687-4319-BD20-8B5647D4A879}.Release|iPhoneSimulator.Deploy.0 = Release|Any CPU
		{7BFB3720-3687-4319-BD20-8B5647D4A879}.Release|x64.ActiveCfg = Release|Any CPU
		{7BFB3720-3687-4319-BD20-8B5647D4A879}.Release|x64.Build.0 = Release|Any CPU
		{7BFB3720-3687-4319-BD20-8B5647D4A879}.Release|x64.Deploy.0 = Release|Any CPU
		{7BFB3720-3687-4319-BD20-8B5647D4A879}.Release|x86.ActiveCfg = Release|Any CPU
		{7BFB3720-3687-4319-BD20-8B5647D4A879}.Release|x86.Build.0 = Release|Any CPU
		{7BFB3720-3687-4319-BD20-8B5647D4A879}.Release|x86.Deploy.0 = Release|Any CPU
	EndGlobalSection
	GlobalSection(SolutionProperties) = preSolution
		HideSolutionNode = FALSE
	EndGlobalSection
	GlobalSection(ExtensibilityGlobals) = postSolution
		SolutionGuid = {4530B90D-51EF-4C64-9703-6D7B53DE4093}
	EndGlobalSection
EndGlobal
